// !$*UTF8*$!
{
	archiveVersion = 1;
	classes = {
	};
	objectVersion = 50;
	objects = {

/* Begin PBXBuildFile section */
		A6FDD9ED2374B16D00C0ADFA /* AppDelegate.swift in Sources */ = {isa = PBXBuildFile; fileRef = A6FDD9EC2374B16D00C0ADFA /* AppDelegate.swift */; };
		A6FDD9EF2374B16D00C0ADFA /* SceneDelegate.swift in Sources */ = {isa = PBXBuildFile; fileRef = A6FDD9EE2374B16D00C0ADFA /* SceneDelegate.swift */; };
		A6FDD9F12374B16D00C0ADFA /* ViewController.swift in Sources */ = {isa = PBXBuildFile; fileRef = A6FDD9F02374B16D00C0ADFA /* ViewController.swift */; };
		A6FDD9F42374B16D00C0ADFA /* Main.storyboard in Resources */ = {isa = PBXBuildFile; fileRef = A6FDD9F22374B16D00C0ADFA /* Main.storyboard */; };
		A6FDD9F62374B16E00C0ADFA /* Assets.xcassets in Resources */ = {isa = PBXBuildFile; fileRef = A6FDD9F52374B16E00C0ADFA /* Assets.xcassets */; };
		A6FDD9F92374B16E00C0ADFA /* LaunchScreen.storyboard in Resources */ = {isa = PBXBuildFile; fileRef = A6FDD9F72374B16E00C0ADFA /* LaunchScreen.storyboard */; };
/* End PBXBuildFile section */

/* Begin PBXFileReference section */
		A6FDD9E92374B16D00C0ADFA /* Autolayout LAB.app */ = {isa = PBXFileReference; explicitFileType = wrapper.application; includeInIndex = 0; path = "Autolayout LAB.app"; sourceTree = BUILT_PRODUCTS_DIR; };
		A6FDD9EC2374B16D00C0ADFA /* AppDelegate.swift */ = {isa = PBXFileReference; lastKnownFileType = sourcecode.swift; path = AppDelegate.swift; sourceTree = "<group>"; };
		A6FDD9EE2374B16D00C0ADFA /* SceneDelegate.swift */ = {isa = PBXFileReference; lastKnownFileType = sourcecode.swift; path = SceneDelegate.swift; sourceTree = "<group>"; };
		A6FDD9F02374B16D00C0ADFA /* ViewController.swift */ = {isa = PBXFileReference; lastKnownFileType = sourcecode.swift; path = ViewController.swift; sourceTree = "<group>"; };
		A6FDD9F32374B16D00C0ADFA /* Base */ = {isa = PBXFileReference; lastKnownFileType = file.storyboard; name = Base; path = Base.lproj/Main.storyboard; sourceTree = "<group>"; };
		A6FDD9F52374B16E00C0ADFA /* Assets.xcassets */ = {isa = PBXFileReference; lastKnownFileType = folder.assetcatalog; path = Assets.xcassets; sourceTree = "<group>"; };
		A6FDD9F82374B16E00C0ADFA /* Base */ = {isa = PBXFileReference; lastKnownFileType = file.storyboard; name = Base; path = Base.lproj/LaunchScreen.storyboard; sourceTree = "<group>"; };
		A6FDD9FA2374B16E00C0ADFA /* Info.plist */ = {isa = PBXFileReference; lastKnownFileType = text.plist.xml; path = Info.plist; sourceTree = "<group>"; };
/* End PBXFileReference section */

/* Begin PBXFrameworksBuildPhase section */
		A6FDD9E62374B16D00C0ADFA /* Frameworks */ = {
			isa = PBXFrameworksBuildPhase;
			buildActionMask = 2147483647;
			files = (
			);
			runOnlyForDeploymentPostprocessing = 0;
		};
/* End PBXFrameworksBuildPhase section */

/* Begin PBXGroup section */
		A6FDD9E02374B16D00C0ADFA = {
			isa = PBXGroup;
			children = (
				A6FDD9EB2374B16D00C0ADFA /* Autolayout LAB */,
				A6FDD9EA2374B16D00C0ADFA /* Products */,
			);
			sourceTree = "<group>";
		};
		A6FDD9EA2374B16D00C0ADFA /* Products */ = {
			isa = PBXGroup;
			children = (
				A6FDD9E92374B16D00C0ADFA /* Autolayout LAB.app */,
			);
			name = Products;
			sourceTree = "<group>";
		};
		A6FDD9EB2374B16D00C0ADFA /* Autolayout LAB */ = {
			isa = PBXGroup;
			children = (
				A6FDD9EC2374B16D00C0ADFA /* AppDelegate.swift */,
				A6FDD9EE2374B16D00C0ADFA /* SceneDelegate.swift */,
				A6FDD9F02374B16D00C0ADFA /* ViewController.swift */,
				A6FDD9F22374B16D00C0ADFA /* Main.storyboard */,
				A6FDD9F52374B16E00C0ADFA /* Assets.xcassets */,
				A6FDD9F72374B16E00C0ADFA /* LaunchScreen.storyboard */,
				A6FDD9FA2374B16E00C0ADFA /* Info.plist */,
			);
			path = "Autolayout LAB";
			sourceTree = "<group>";
		};
/* End PBXGroup section */

/* Begin PBXNativeTarget section */
		A6FDD9E82374B16D00C0ADFA /* Autolayout LAB */ = {
			isa = PBXNativeTarget;
			buildConfigurationList = A6FDD9FD2374B16E00C0ADFA /* Build configuration list for PBXNativeTarget "Autolayout LAB" */;
			buildPhases = (
				A6FDD9E52374B16D00C0ADFA /* Sources */,
				A6FDD9E62374B16D00C0ADFA /* Frameworks */,
				A6FDD9E72374B16D00C0ADFA /* Resources */,
			);
			buildRules = (
			);
			dependencies = (
			);
			name = "Autolayout LAB";
			productName = "Autolayout LAB";
			productReference = A6FDD9E92374B16D00C0ADFA /* Autolayout LAB.app */;
			productType = "com.apple.product-type.application";
		};
/* End PBXNativeTarget section */

/* Begin PBXProject section */
		A6FDD9E12374B16D00C0ADFA /* Project object */ = {
			isa = PBXProject;
			attributes = {
				LastSwiftUpdateCheck = 1110;
				LastUpgradeCheck = 1110;
				ORGANIZATIONNAME = "Lilia Yudina";
				TargetAttributes = {
					A6FDD9E82374B16D00C0ADFA = {
						CreatedOnToolsVersion = 11.1;
					};
				};
			};
			buildConfigurationList = A6FDD9E42374B16D00C0ADFA /* Build configuration list for PBXProject "Autolayout LAB" */;
			compatibilityVersion = "Xcode 9.3";
			developmentRegion = en;
			hasScannedForEncodings = 0;
			knownRegions = (
				en,
				Base,
			);
			mainGroup = A6FDD9E02374B16D00C0ADFA;
			productRefGroup = A6FDD9EA2374B16D00C0ADFA /* Products */;
			projectDirPath = "";
			projectRoot = "";
			targets = (
				A6FDD9E82374B16D00C0ADFA /* Autolayout LAB */,
			);
		};
/* End PBXProject section */

/* Begin PBXResourcesBuildPhase section */
		A6FDD9E72374B16D00C0ADFA /* Resources */ = {
			isa = PBXResourcesBuildPhase;
			buildActionMask = 2147483647;
			files = (
				A6FDD9F92374B16E00C0ADFA /* LaunchScreen.storyboard in Resources */,
				A6FDD9F62374B16E00C0ADFA /* Assets.xcassets in Resources */,
				A6FDD9F42374B16D00C0ADFA /* Main.storyboard in Resources */,
			);
			runOnlyForDeploymentPostprocessing = 0;
		};
/* End PBXResourcesBuildPhase section */

/* Begin PBXSourcesBuildPhase section */
		A6FDD9E52374B16D00C0ADFA /* Sources */ = {
			isa = PBXSourcesBuildPhase;
			buildActionMask = 2147483647;
			files = (
				A6FDD9F12374B16D00C0ADFA /* ViewController.swift in Sources */,
				A6FDD9ED2374B16D00C0ADFA /* AppDelegate.swift in Sources */,
				A6FDD9EF2374B16D00C0ADFA /* SceneDelegate.swift in Sources */,
			);
			runOnlyForDeploymentPostprocessing = 0;
		};
/* End PBXSourcesBuildPhase section */

/* Begin PBXVariantGroup section */
		A6FDD9F22374B16D00C0ADFA /* Main.storyboard */ = {
			isa = PBXVariantGroup;
			children = (
				A6FDD9F32374B16D00C0ADFA /* Base */,
			);
			name = Main.storyboard;
			sourceTree = "<group>";
		};
		A6FDD9F72374B16E00C0ADFA /* LaunchScreen.storyboard */ = {
			isa = PBXVariantGroup;
			children = (
				A6FDD9F82374B16E00C0ADFA /* Base */,
			);
			name = LaunchScreen.storyboard;
			sourceTree = "<group>";
		};
/* End PBXVariantGroup section */

/* Begin XCBuildConfiguration section */
		A6FDD9FB2374B16E00C0ADFA /* Debug */ = {
			isa = XCBuildConfiguration;
			buildSettings = {
				ALWAYS_SEARCH_USER_PATHS = NO;
				CLANG_ANALYZER_NONNULL = YES;
				CLANG_ANALYZER_NUMBER_OBJECT_CONVERSION = YES_AGGRESSIVE;
				CLANG_CXX_LANGUAGE_STANDARD = "gnu++14";
				CLANG_CXX_LIBRARY = "libc++";
				CLANG_ENABLE_MODULES = YES;
				CLANG_ENABLE_OBJC_ARC = YES;
				CLANG_ENABLE_OBJC_WEAK = YES;
				CLANG_WARN_BLOCK_CAPTURE_AUTORELEASING = YES;
				CLANG_WARN_BOOL_CONVERSION = YES;
				CLANG_WARN_COMMA = YES;
				CLANG_WARN_CONSTANT_CONVERSION = YES;
				CLANG_WARN_DEPRECATED_OBJC_IMPLEMENTATIONS = YES;
				CLANG_WARN_DIRECT_OBJC_ISA_USAGE = YES_ERROR;
				CLANG_WARN_DOCUMENTATION_COMMENTS = YES;
				CLANG_WARN_EMPTY_BODY = YES;
				CLANG_WARN_ENUM_CONVERSION = YES;
				CLANG_WARN_INFINITE_RECURSION = YES;
				CLANG_WARN_INT_CONVERSION = YES;
				CLANG_WARN_NON_LITERAL_NULL_CONVERSION = YES;
				CLANG_WARN_OBJC_IMPLICIT_RETAIN_SELF = YES;
				CLANG_WARN_OBJC_LITERAL_CONVERSION = YES;
				CLANG_WARN_OBJC_ROOT_CLASS = YES_ERROR;
				CLANG_WARN_RANGE_LOOP_ANALYSIS = YES;
				CLANG_WARN_STRICT_PROTOTYPES = YES;
				CLANG_WARN_SUSPICIOUS_MOVE = YES;
				CLANG_WARN_UNGUARDED_AVAILABILITY = YES_AGGRESSIVE;
				CLANG_WARN_UNREACHABLE_CODE = YES;
				CLANG_WARN__DUPLICATE_METHOD_MATCH = YES;
				COPY_PHASE_STRIP = NO;
				DEBUG_INFORMATION_FORMAT = dwarf;
				ENABLE_STRICT_OBJC_MSGSEND = YES;
				ENABLE_TESTABILITY = YES;
				GCC_C_LANGUAGE_STANDARD = gnu11;
				GCC_DYNAMIC_NO_PIC = NO;
				GCC_NO_COMMON_BLOCKS = YES;
				GCC_OPTIMIZATION_LEVEL = 0;
				GCC_PREPROCESSOR_DEFINITIONS = (
					"DEBUG=1",
					"$(inherited)",
				);
				GCC_WARN_64_TO_32_BIT_CONVERSION = YES;
				GCC_WARN_ABOUT_RETURN_TYPE = YES_ERROR;
				GCC_WARN_UNDECLARED_SELECTOR = YES;
				GCC_WARN_UNINITIALIZED_AUTOS = YES_AGGRESSIVE;
				GCC_WARN_UNUSED_FUNCTION = YES;
				GCC_WARN_UNUSED_VARIABLE = YES;
				IPHONEOS_DEPLOYMENT_TARGET = 13.1;
				MTL_ENABLE_DEBUG_INFO = INCLUDE_SOURCE;
				MTL_FAST_MATH = YES;
				ONLY_ACTIVE_ARCH = YES;
				SDKROOT = iphoneos;
				SWIFT_ACTIVE_COMPILATION_CONDITIONS = DEBUG;
				SWIFT_OPTIMIZATION_LEVEL = "-Onone";
			};
			name = Debug;
		};
		A6FDD9FC2374B16E00C0ADFA /* Release */ = {
			isa = XCBuildConfiguration;
			buildSettings = {
				ALWAYS_SEARCH_USER_PATHS = NO;
				CLANG_ANALYZER_NONNULL = YES;
				CLANG_ANALYZER_NUMBER_OBJECT_CONVERSION = YES_AGGRESSIVE;
				CLANG_CXX_LANGUAGE_STANDARD = "gnu++14";
				CLANG_CXX_LIBRARY = "libc++";
				CLANG_ENABLE_MODULES = YES;
				CLANG_ENABLE_OBJC_ARC = YES;
				CLANG_ENABLE_OBJC_WEAK = YES;
				CLANG_WARN_BLOCK_CAPTURE_AUTORELEASING = YES;
				CLANG_WARN_BOOL_CONVERSION = YES;
				CLANG_WARN_COMMA = YES;
				CLANG_WARN_CONSTANT_CONVERSION = YES;
				CLANG_WARN_DEPRECATED_OBJC_IMPLEMENTATIONS = YES;
				CLANG_WARN_DIRECT_OBJC_ISA_USAGE = YES_ERROR;
				CLANG_WARN_DOCUMENTATION_COMMENTS = YES;
				CLANG_WARN_EMPTY_BODY = YES;
				CLANG_WARN_ENUM_CONVERSION = YES;
				CLANG_WARN_INFINITE_RECURSION = YES;
				CLANG_WARN_INT_CONVERSION = YES;
				CLANG_WARN_NON_LITERAL_NULL_CONVERSION = YES;
				CLANG_WARN_OBJC_IMPLICIT_RETAIN_SELF = YES;
				CLANG_WARN_OBJC_LITERAL_CONVERSION = YES;
				CLANG_WARN_OBJC_ROOT_CLASS = YES_ERROR;
				CLANG_WARN_RANGE_LOOP_ANALYSIS = YES;
				CLANG_WARN_STRICT_PROTOTYPES = YES;
				CLANG_WARN_SUSPICIOUS_MOVE = YES;
				CLANG_WARN_UNGUARDED_AVAILABILITY = YES_AGGRESSIVE;
				CLANG_WARN_UNREACHABLE_CODE = YES;
				CLANG_WARN__DUPLICATE_METHOD_MATCH = YES;
				COPY_PHASE_STRIP = NO;
				DEBUG_INFORMATION_FORMAT = "dwarf-with-dsym";
				ENABLE_NS_ASSERTIONS = NO;
				ENABLE_STRICT_OBJC_MSGSEND = YES;
				GCC_C_LANGUAGE_STANDARD = gnu11;
				GCC_NO_COMMON_BLOCKS = YES;
				GCC_WARN_64_TO_32_BIT_CONVERSION = YES;
				GCC_WARN_ABOUT_RETURN_TYPE = YES_ERROR;
				GCC_WARN_UNDECLARED_SELECTOR = YES;
				GCC_WARN_UNINITIALIZED_AUTOS = YES_AGGRESSIVE;
				GCC_WARN_UNUSED_FUNCTION = YES;
				GCC_WARN_UNUSED_VARIABLE = YES;
				IPHONEOS_DEPLOYMENT_TARGET = 13.1;
				MTL_ENABLE_DEBUG_INFO = NO;
				MTL_FAST_MATH = YES;
				SDKROOT = iphoneos;
				SWIFT_COMPILATION_MODE = wholemodule;
				SWIFT_OPTIMIZATION_LEVEL = "-O";
				VALIDATE_PRODUCT = YES;
			};
			name = Release;
		};
		A6FDD9FE2374B16E00C0ADFA /* Debug */ = {
			isa = XCBuildConfiguration;
			buildSettings = {
				ASSETCATALOG_COMPILER_APPICON_NAME = AppIcon;
				CODE_SIGN_STYLE = Automatic;
				DEVELOPMENT_TEAM = 77BP3AZ229;
				INFOPLIST_FILE = "Autolayout LAB/Info.plist";
				LD_RUNPATH_SEARCH_PATHS = (
					"$(inherited)",
					"@executable_path/Frameworks",
				);
				PRODUCT_BUNDLE_IDENTIFIER = "com.liliayudina.Autolayout-LAB";
				PRODUCT_NAME = "$(TARGET_NAME)";
				SWIFT_VERSION = 5.0;
				TARGETED_DEVICE_FAMILY = "1,2";
			};
			name = Debug;
		};
		A6FDD9FF2374B16E00C0ADFA /* Release */ = {
			isa = XCBuildConfiguration;
			buildSettings = {
				ASSETCATALOG_COMPILER_APPICON_NAME = AppIcon;
				CODE_SIGN_STYLE = Automatic;
				DEVELOPMENT_TEAM = 77BP3AZ229;
				INFOPLIST_FILE = "Autolayout LAB/Info.plist";
				LD_RUNPATH_SEARCH_PATHS = (
					"$(inherited)",
					"@executable_path/Frameworks",
				);
				PRODUCT_BUNDLE_IDENTIFIER = "com.liliayudina.Autolayout-LAB";
				PRODUCT_NAME = "$(TARGET_NAME)";
				SWIFT_VERSION = 5.0;
				TARGETED_DEVICE_FAMILY = "1,2";
			};
			name = Release;
		};
/* End XCBuildConfiguration section */

/* Begin XCConfigurationList section */
		A6FDD9E42374B16D00C0ADFA /* Build configuration list for PBXProject "Autolayout LAB" */ = {
			isa = XCConfigurationList;
			buildConfigurations = (
				A6FDD9FB2374B16E00C0ADFA /* Debug */,
				A6FDD9FC2374B16E00C0ADFA /* Release */,
			);
			defaultConfigurationIsVisible = 0;
			defaultConfigurationName = Release;
		};
		A6FDD9FD2374B16E00C0ADFA /* Build configuration list for PBXNativeTarget "Autolayout LAB" */ = {
			isa = XCConfigurationList;
			buildConfigurations = (
				A6FDD9FE2374B16E00C0ADFA /* Debug */,
				A6FDD9FF2374B16E00C0ADFA /* Release */,
			);
			defaultConfigurationIsVisible = 0;
			defaultConfigurationName = Release;
		};
/* End XCConfigurationList section */
	};
	rootObject = A6FDD9E12374B16D00C0ADFA /* Project object */;
}
